
Microsoft Visual Studio Solution File, Format Version 12.00
# Visual Studio Version 17
VisualStudioVersion = 17.4.33205.214
MinimumVisualStudioVersion = 10.0.40219.1
Project("{FAE04EC0-301F-11D3-BF4B-00C04F79EFBC}") = "Eterna", "Eterna\Eterna.csproj", "{3282B764-F67A-458A-8AEB-6D8F58AD3500}"
EndProject
Global
	GlobalSection(SolutionConfigurationPlatforms) = preSolution
		Debug|Any CPU = Debug|Any CPU
		Release|Any CPU = Release|Any CPU
	EndGlobalSection
	GlobalSection(ProjectConfigurationPlatforms) = postSolution
		{3282B764-F67A-458A-8AEB-6D8F58AD3500}.Debug|Any CPU.ActiveCfg = Debug|Any CPU
		{3282B764-F67A-458A-8AEB-6D8F58AD3500}.Debug|Any CPU.Build.0 = Debug|Any CPU
		{3282B764-F67A-458A-8AEB-6D8F58AD3500}.Release|Any CPU.ActiveCfg = Release|Any CPU
		{3282B764-F67A-458A-8AEB-6D8F58AD3500}.Release|Any CPU.Build.0 = Release|Any CPU
	EndGlobalSection
	GlobalSection(SolutionProperties) = preSolution
		HideSolutionNode = FALSE
	EndGlobalSection
	GlobalSection(ExtensibilityGlobals) = postSolution
		SolutionGuid = {B90C1894-E8B3-43F3-AC8F-12D35B345F3E}
	EndGlobalSection
EndGlobal
